
Microsoft Visual Studio Solution File, Format Version 12.00
# Visual Studio Version 17
VisualStudioVersion = 17.9.34701.34
MinimumVisualStudioVersion = 10.0.40219.1
Project("{FAE04EC0-301F-11D3-BF4B-00C04F79EFBC}") = "Curse02", "Curse02\Curse02.csproj", "{2C3084AD-6BD7-45EE-ADC3-52D32C2C277A}"
EndProject
Global
	GlobalSection(SolutionConfigurationPlatforms) = preSolution
		Debug|Any CPU = Debug|Any CPU
		Release|Any CPU = Release|Any CPU
	EndGlobalSection
	GlobalSection(ProjectConfigurationPlatforms) = postSolution
		{2C3084AD-6BD7-45EE-ADC3-52D32C2C277A}.Debug|Any CPU.ActiveCfg = Debug|Any CPU
		{2C3084AD-6BD7-45EE-ADC3-52D32C2C277A}.Debug|Any CPU.Build.0 = Debug|Any CPU
		{2C3084AD-6BD7-45EE-ADC3-52D32C2C277A}.Release|Any CPU.ActiveCfg = Release|Any CPU
		{2C3084AD-6BD7-45EE-ADC3-52D32C2C277A}.Release|Any CPU.Build.0 = Release|Any CPU
	EndGlobalSection
	GlobalSection(SolutionProperties) = preSolution
		HideSolutionNode = FALSE
	EndGlobalSection
	GlobalSection(ExtensibilityGlobals) = postSolution
		SolutionGuid = {7F80A505-4997-4775-9A87-7393BD0D07FC}
	EndGlobalSection
EndGlobal
